
Microsoft Visual Studio Solution File, Format Version 12.00
# Visual Studio 14
VisualStudioVersion = 14.0.25420.1
MinimumVisualStudioVersion = 10.0.40219.1
Project("{FAE04EC0-301F-11D3-BF4B-00C04F79EFBC}") = "MyAwesomeAnalyzer", "MyAwesomeAnalyzer\MyAwesomeAnalyzer\MyAwesomeAnalyzer.csproj", "{E3F164BF-114F-4FF2-BF2F-DAED67B7713E}"
EndProject
Project("{FAE04EC0-301F-11D3-BF4B-00C04F79EFBC}") = "MyAwesomeAnalyzer.Test", "MyAwesomeAnalyzer\MyAwesomeAnalyzer.Test\MyAwesomeAnalyzer.Test.csproj", "{42BA2EBF-D108-40F6-A53E-1BD22F731A00}"
EndProject
Project("{FAE04EC0-301F-11D3-BF4B-00C04F79EFBC}") = "MyAwesomeAnalyzer.Vsix", "MyAwesomeAnalyzer\MyAwesomeAnalyzer.Vsix\MyAwesomeAnalyzer.Vsix.csproj", "{2A1A939B-5C5F-426E-8A26-D97CFB9FF562}"
EndProject
Global
	GlobalSection(SolutionConfigurationPlatforms) = preSolution
		Debug|Any CPU = Debug|Any CPU
		Release|Any CPU = Release|Any CPU
	EndGlobalSection
	GlobalSection(ProjectConfigurationPlatforms) = postSolution
		{E3F164BF-114F-4FF2-BF2F-DAED67B7713E}.Debug|Any CPU.ActiveCfg = Debug|Any CPU
		{E3F164BF-114F-4FF2-BF2F-DAED67B7713E}.Debug|Any CPU.Build.0 = Debug|Any CPU
		{E3F164BF-114F-4FF2-BF2F-DAED67B7713E}.Release|Any CPU.ActiveCfg = Release|Any CPU
		{E3F164BF-114F-4FF2-BF2F-DAED67B7713E}.Release|Any CPU.Build.0 = Release|Any CPU
		{42BA2EBF-D108-40F6-A53E-1BD22F731A00}.Debug|Any CPU.ActiveCfg = Debug|Any CPU
		{42BA2EBF-D108-40F6-A53E-1BD22F731A00}.Debug|Any CPU.Build.0 = Debug|Any CPU
		{42BA2EBF-D108-40F6-A53E-1BD22F731A00}.Release|Any CPU.ActiveCfg = Release|Any CPU
		{42BA2EBF-D108-40F6-A53E-1BD22F731A00}.Release|Any CPU.Build.0 = Release|Any CPU
		{2A1A939B-5C5F-426E-8A26-D97CFB9FF562}.Debug|Any CPU.ActiveCfg = Debug|Any CPU
		{2A1A939B-5C5F-426E-8A26-D97CFB9FF562}.Debug|Any CPU.Build.0 = Debug|Any CPU
		{2A1A939B-5C5F-426E-8A26-D97CFB9FF562}.Release|Any CPU.ActiveCfg = Release|Any CPU
		{2A1A939B-5C5F-426E-8A26-D97CFB9FF562}.Release|Any CPU.Build.0 = Release|Any CPU
	EndGlobalSection
	GlobalSection(SolutionProperties) = preSolution
		HideSolutionNode = FALSE
	EndGlobalSection
EndGlobal
